{
  "name": "ndb",
  "version": "1.0.0",
  "lockfileVersion": 1,
  "requires": true,
  "dependencies": {
    "irc": {
      "version": "0.5.2",
      "resolved": "https://registry.npmjs.org/irc/-/irc-0.5.2.tgz",
      "integrity": "sha1-NxT0doNlqW0LL3dryRFmvrJGS7w=",
      "requires": {
        "irc-colors": "1.4.1"
      }
    },
    "irc-colors": {
      "version": "1.4.1",
      "resolved": "https://registry.npmjs.org/irc-colors/-/irc-colors-1.4.1.tgz",
      "integrity": "sha512-qWk9xUusWzQgpmi+nf6w1BF9RG4od+ievha61hTz4H0Jktbs9LldBT+jpqmKWPvCltVxs9tami6UbV8fmTOaqA=="
    }
  }
}
